<?xml version="1.0" encoding="UTF-8"?>
<CodeBlocks_project_file>
	<FileVersion major="1" minor="6"/>
	<Project>
		<Option title="Project_Alpha"/>
		<Option makefile_is_custom="1"/>
		<Option compiler="gcc"/>
		<Option virtualFolders="CMake Files\;CMake Files\..\;CMake Files\..\..\;CMake Files\..\..\..\;CMake Files\..\..\..\..\;CMake Files\..\..\..\..\opt\;CMake Files\..\..\..\..\opt\SFML-2.5.1\;CMake Files\..\..\..\..\opt\SFML-2.5.1\lib\;CMake Files\..\..\..\..\opt\SFML-2.5.1\lib\cmake\;CMake Files\..\..\..\..\opt\SFML-2.5.1\lib\cmake\SFML\;"/>
		<Build>
			<Target title="all">
				<Option working_dir="/home/matteo/CLionProjects/Project_Alpha"/>
				<Option type="4"/>
				<MakeCommands>
					<Build command="/usr/bin/make -f &quot;/home/matteo/CLionProjects/Project_Alpha/Makefile&quot;  VERBOSE=1 all"/>
					<CompileFile command="/usr/bin/make -f &quot;/home/matteo/CLionProjects/Project_Alpha/Makefile&quot;  VERBOSE=1 &quot;$file&quot;"/>
					<Clean command="/usr/bin/make -f &quot;/home/matteo/CLionProjects/Project_Alpha/Makefile&quot;  VERBOSE=1 clean"/>
					<DistClean command="/usr/bin/make -f &quot;/home/matteo/CLionProjects/Project_Alpha/Makefile&quot;  VERBOSE=1 clean"/>
				</MakeCommands>
			</Target>
			<Target title="edit_cache">
				<Option working_dir="/home/matteo/CLionProjects/Project_Alpha"/>
				<Option type="4"/>
				<MakeCommands>
					<Build command="/usr/bin/make -f &quot;/home/matteo/CLionProjects/Project_Alpha/Makefile&quot;  VERBOSE=1 edit_cache"/>
					<CompileFile command="/usr/bin/make -f &quot;/home/matteo/CLionProjects/Project_Alpha/Makefile&quot;  VERBOSE=1 &quot;$file&quot;"/>
					<Clean command="/usr/bin/make -f &quot;/home/matteo/CLionProjects/Project_Alpha/Makefile&quot;  VERBOSE=1 clean"/>
					<DistClean command="/usr/bin/make -f &quot;/home/matteo/CLionProjects/Project_Alpha/Makefile&quot;  VERBOSE=1 clean"/>
				</MakeCommands>
			</Target>
			<Target title="Project_Alpha_ROOT">
				<Option output="/home/matteo/CLionProjects/Project_Alpha/Project_Alpha_ROOT" prefix_auto="0" extension_auto="0"/>
				<Option working_dir="/home/matteo/CLionProjects/Project_Alpha"/>
				<Option object_output="./"/>
				<Option type="1"/>
				<Option compiler="gcc"/>
				<Compiler>
					<Add directory="/home/matteo/CLionProjects/Project_Alpha/Project_Alpha"/>
					<Add directory="/opt/SFML-2.5.1/include"/>
				</Compiler>
				<MakeCommands>
					<Build command="/usr/bin/make -f &quot;/home/matteo/CLionProjects/Project_Alpha/Makefile&quot;  VERBOSE=1 Project_Alpha_ROOT"/>
					<CompileFile command="/usr/bin/make -f &quot;/home/matteo/CLionProjects/Project_Alpha/Makefile&quot;  VERBOSE=1 &quot;$file&quot;"/>
					<Clean command="/usr/bin/make -f &quot;/home/matteo/CLionProjects/Project_Alpha/Makefile&quot;  VERBOSE=1 clean"/>
					<DistClean command="/usr/bin/make -f &quot;/home/matteo/CLionProjects/Project_Alpha/Makefile&quot;  VERBOSE=1 clean"/>
				</MakeCommands>
			</Target>
			<Target title="Project_Alpha_ROOT/fast">
				<Option output="/home/matteo/CLionProjects/Project_Alpha/Project_Alpha_ROOT" prefix_auto="0" extension_auto="0"/>
				<Option working_dir="/home/matteo/CLionProjects/Project_Alpha"/>
				<Option object_output="./"/>
				<Option type="1"/>
				<Option compiler="gcc"/>
				<Compiler>
					<Add directory="/home/matteo/CLionProjects/Project_Alpha/Project_Alpha"/>
					<Add directory="/opt/SFML-2.5.1/include"/>
				</Compiler>
				<MakeCommands>
					<Build command="/usr/bin/make -f &quot;/home/matteo/CLionProjects/Project_Alpha/Makefile&quot;  VERBOSE=1 Project_Alpha_ROOT/fast"/>
					<CompileFile command="/usr/bin/make -f &quot;/home/matteo/CLionProjects/Project_Alpha/Makefile&quot;  VERBOSE=1 &quot;$file&quot;"/>
					<Clean command="/usr/bin/make -f &quot;/home/matteo/CLionProjects/Project_Alpha/Makefile&quot;  VERBOSE=1 clean"/>
					<DistClean command="/usr/bin/make -f &quot;/home/matteo/CLionProjects/Project_Alpha/Makefile&quot;  VERBOSE=1 clean"/>
				</MakeCommands>
			</Target>
			<Target title="rebuild_cache">
				<Option working_dir="/home/matteo/CLionProjects/Project_Alpha"/>
				<Option type="4"/>
				<MakeCommands>
					<Build command="/usr/bin/make -f &quot;/home/matteo/CLionProjects/Project_Alpha/Makefile&quot;  VERBOSE=1 rebuild_cache"/>
					<CompileFile command="/usr/bin/make -f &quot;/home/matteo/CLionProjects/Project_Alpha/Makefile&quot;  VERBOSE=1 &quot;$file&quot;"/>
					<Clean command="/usr/bin/make -f &quot;/home/matteo/CLionProjects/Project_Alpha/Makefile&quot;  VERBOSE=1 clean"/>
					<DistClean command="/usr/bin/make -f &quot;/home/matteo/CLionProjects/Project_Alpha/Makefile&quot;  VERBOSE=1 clean"/>
				</MakeCommands>
			</Target>
			<Target title="core">
				<Option output="/home/matteo/CLionProjects/Project_Alpha/libcore.a" prefix_auto="0" extension_auto="0"/>
				<Option working_dir="/home/matteo/CLionProjects/Project_Alpha"/>
				<Option object_output="./"/>
				<Option type="2"/>
				<Option compiler="gcc"/>
				<Compiler>
					<Add directory="/home/matteo/CLionProjects/Project_Alpha/Project_Alpha"/>
				</Compiler>
				<MakeCommands>
					<Build command="/usr/bin/make -f &quot;/home/matteo/CLionProjects/Project_Alpha/Makefile&quot;  VERBOSE=1 core"/>
					<CompileFile command="/usr/bin/make -f &quot;/home/matteo/CLionProjects/Project_Alpha/Makefile&quot;  VERBOSE=1 &quot;$file&quot;"/>
					<Clean command="/usr/bin/make -f &quot;/home/matteo/CLionProjects/Project_Alpha/Makefile&quot;  VERBOSE=1 clean"/>
					<DistClean command="/usr/bin/make -f &quot;/home/matteo/CLionProjects/Project_Alpha/Makefile&quot;  VERBOSE=1 clean"/>
				</MakeCommands>
			</Target>
			<Target title="core/fast">
				<Option output="/home/matteo/CLionProjects/Project_Alpha/libcore.a" prefix_auto="0" extension_auto="0"/>
				<Option working_dir="/home/matteo/CLionProjects/Project_Alpha"/>
				<Option object_output="./"/>
				<Option type="2"/>
				<Option compiler="gcc"/>
				<Compiler>
					<Add directory="/home/matteo/CLionProjects/Project_Alpha/Project_Alpha"/>
				</Compiler>
				<MakeCommands>
					<Build command="/usr/bin/make -f &quot;/home/matteo/CLionProjects/Project_Alpha/Makefile&quot;  VERBOSE=1 core/fast"/>
					<CompileFile command="/usr/bin/make -f &quot;/home/matteo/CLionProjects/Project_Alpha/Makefile&quot;  VERBOSE=1 &quot;$file&quot;"/>
					<Clean command="/usr/bin/make -f &quot;/home/matteo/CLionProjects/Project_Alpha/Makefile&quot;  VERBOSE=1 clean"/>
					<DistClean command="/usr/bin/make -f &quot;/home/matteo/CLionProjects/Project_Alpha/Makefile&quot;  VERBOSE=1 clean"/>
				</MakeCommands>
			</Target>
		</Build>
		<Unit filename="/home/matteo/CLionProjects/Project_Alpha/Archer.cpp">
			<Option target="Project_Alpha_ROOT"/>
			<Option target="core"/>
		</Unit>
		<Unit filename="/home/matteo/CLionProjects/Project_Alpha/Archer.h">
			<Option target="Project_Alpha_ROOT"/>
			<Option target="core"/>
		</Unit>
		<Unit filename="/home/matteo/CLionProjects/Project_Alpha/Boss.cpp">
			<Option target="Project_Alpha_ROOT"/>
			<Option target="core"/>
		</Unit>
		<Unit filename="/home/matteo/CLionProjects/Project_Alpha/Boss.h">
			<Option target="Project_Alpha_ROOT"/>
			<Option target="core"/>
		</Unit>
		<Unit filename="/home/matteo/CLionProjects/Project_Alpha/Chest.cpp">
			<Option target="Project_Alpha_ROOT"/>
			<Option target="core"/>
		</Unit>
		<Unit filename="/home/matteo/CLionProjects/Project_Alpha/Chest.h">
			<Option target="Project_Alpha_ROOT"/>
			<Option target="core"/>
		</Unit>
		<Unit filename="/home/matteo/CLionProjects/Project_Alpha/Enemy.cpp">
			<Option target="Project_Alpha_ROOT"/>
			<Option target="core"/>
		</Unit>
		<Unit filename="/home/matteo/CLionProjects/Project_Alpha/Enemy.h">
			<Option target="Project_Alpha_ROOT"/>
			<Option target="core"/>
		</Unit>
		<Unit filename="/home/matteo/CLionProjects/Project_Alpha/GameCharacter.cpp">
			<Option target="Project_Alpha_ROOT"/>
			<Option target="core"/>
		</Unit>
		<Unit filename="/home/matteo/CLionProjects/Project_Alpha/GameCharacter.h">
			<Option target="Project_Alpha_ROOT"/>
			<Option target="core"/>
		</Unit>
		<Unit filename="/home/matteo/CLionProjects/Project_Alpha/Hero.cpp">
			<Option target="Project_Alpha_ROOT"/>
			<Option target="core"/>
		</Unit>
		<Unit filename="/home/matteo/CLionProjects/Project_Alpha/Hero.h">
			<Option target="Project_Alpha_ROOT"/>
			<Option target="core"/>
		</Unit>
		<Unit filename="/home/matteo/CLionProjects/Project_Alpha/Item.cpp">
			<Option target="Project_Alpha_ROOT"/>
			<Option target="core"/>
		</Unit>
		<Unit filename="/home/matteo/CLionProjects/Project_Alpha/Item.h">
			<Option target="Project_Alpha_ROOT"/>
			<Option target="core"/>
		</Unit>
		<Unit filename="/home/matteo/CLionProjects/Project_Alpha/Knight.cpp">
			<Option target="Project_Alpha_ROOT"/>
			<Option target="core"/>
		</Unit>
		<Unit filename="/home/matteo/CLionProjects/Project_Alpha/Knight.h">
			<Option target="Project_Alpha_ROOT"/>
			<Option target="core"/>
		</Unit>
		<Unit filename="/home/matteo/CLionProjects/Project_Alpha/Mage.cpp">
			<Option target="Project_Alpha_ROOT"/>
			<Option target="core"/>
		</Unit>
		<Unit filename="/home/matteo/CLionProjects/Project_Alpha/Mage.h">
			<Option target="Project_Alpha_ROOT"/>
			<Option target="core"/>
		</Unit>
		<Unit filename="/home/matteo/CLionProjects/Project_Alpha/Map.cpp">
			<Option target="Project_Alpha_ROOT"/>
			<Option target="core"/>
		</Unit>
		<Unit filename="/home/matteo/CLionProjects/Project_Alpha/Map.h">
			<Option target="Project_Alpha_ROOT"/>
			<Option target="core"/>
		</Unit>
		<Unit filename="/home/matteo/CLionProjects/Project_Alpha/Tile.cpp">
			<Option target="Project_Alpha_ROOT"/>
			<Option target="core"/>
		</Unit>
		<Unit filename="/home/matteo/CLionProjects/Project_Alpha/Tile.h">
			<Option target="Project_Alpha_ROOT"/>
			<Option target="core"/>
		</Unit>
		<Unit filename="/home/matteo/CLionProjects/Project_Alpha/Weapon.cpp">
			<Option target="Project_Alpha_ROOT"/>
			<Option target="core"/>
		</Unit>
		<Unit filename="/home/matteo/CLionProjects/Project_Alpha/Weapon.h">
			<Option target="Project_Alpha_ROOT"/>
			<Option target="core"/>
		</Unit>
		<Unit filename="/home/matteo/CLionProjects/Project_Alpha/main.cpp">
			<Option target="Project_Alpha_ROOT"/>
			<Option target="core"/>
		</Unit>
		<Unit filename="/home/matteo/CLionProjects/Project_Alpha/CMakeLists.txt">
			<Option virtualFolder="CMake Files\"/>
		</Unit>
		<Unit filename="/home/matteo/CLionProjects/Project_Alpha/../../../../opt/SFML-2.5.1/lib/cmake/SFML/SFMLConfig.cmake">
			<Option virtualFolder="CMake Files\..\..\..\..\opt\SFML-2.5.1\lib\cmake\SFML\"/>
		</Unit>
		<Unit filename="/home/matteo/CLionProjects/Project_Alpha/../../../../opt/SFML-2.5.1/lib/cmake/SFML/SFMLConfigDependencies.cmake">
			<Option virtualFolder="CMake Files\..\..\..\..\opt\SFML-2.5.1\lib\cmake\SFML\"/>
		</Unit>
		<Unit filename="/home/matteo/CLionProjects/Project_Alpha/../../../../opt/SFML-2.5.1/lib/cmake/SFML/SFMLConfigVersion.cmake">
			<Option virtualFolder="CMake Files\..\..\..\..\opt\SFML-2.5.1\lib\cmake\SFML\"/>
		</Unit>
		<Unit filename="/home/matteo/CLionProjects/Project_Alpha/../../../../opt/SFML-2.5.1/lib/cmake/SFML/SFMLSharedTargets-release.cmake">
			<Option virtualFolder="CMake Files\..\..\..\..\opt\SFML-2.5.1\lib\cmake\SFML\"/>
		</Unit>
		<Unit filename="/home/matteo/CLionProjects/Project_Alpha/../../../../opt/SFML-2.5.1/lib/cmake/SFML/SFMLSharedTargets.cmake">
			<Option virtualFolder="CMake Files\..\..\..\..\opt\SFML-2.5.1\lib\cmake\SFML\"/>
		</Unit>
	</Project>
</CodeBlocks_project_file>
